dependencies:
- name: kafka
  repository: oci://registry-1.docker.io/bitnamicharts
  version: 31.0.0
- name: prometheus
  repository: oci://registry-1.docker.io/bitnamicharts
  version: 1.3.28
- name: grafana
  repository: oci://registry-1.docker.io/bitnamicharts
  version: 11.3.26
- name: elasticsearch
  repository: oci://registry-1.docker.io/bitnamicharts
  version: 21.3.17
- name: influxdb
  repository: oci://registry-1.docker.io/bitnamicharts
  version: 6.3.22
- name: redis
  repository: oci://registry-1.docker.io/bitnamicharts
  version: 20.3.0
- name: postgresql
  repository: oci://registry-1.docker.io/bitnamicharts
  version: 16.2.1
- name: common
  repository: oci://registry-1.docker.io/bitnamicharts
  version: 2.27.2
digest: sha256:825e3c230a203fcee21e4f248dcd9a4cb3915fb5fec53578bc561d7be5811964
generated: "2024-11-28T10:32:23.258628+02:00"
