dependencies:
- name: elasticsearch
  repository: oci://registry-1.docker.io/bitnamicharts
  version: 21.3.26
- name: influxdb
  repository: oci://registry-1.docker.io/bitnamicharts
  version: 6.3.22
- name: redis
  repository: oci://registry-1.docker.io/bitnamicharts
  version: 20.3.0
- name: postgresql
  repository: oci://registry-1.docker.io/bitnamicharts
  version: 16.2.1
- name: common
  repository: oci://registry-1.docker.io/bitnamicharts
  version: 2.27.0
digest: sha256:a08e7f4c5cf420cad3937089fd776b5f472379a53b1508acac15490995f2127c
generated: "2024-11-25T08:29:07.849519+02:00"
